
Microsoft Visual Studio Solution File, Format Version 12.00
# Visual Studio Version 17
VisualStudioVersion = 17.8.34525.116
MinimumVisualStudioVersion = 10.0.40219.1
Project("{FAE04EC0-301F-11D3-BF4B-00C04F79EFBC}") = "Homework 1", "Homework 1\Homework 1.csproj", "{2B61E91A-9C64-4CB9-BDDE-5A7C693B5278}"
EndProject
Global
	GlobalSection(SolutionConfigurationPlatforms) = preSolution
		Debug|Any CPU = Debug|Any CPU
		Release|Any CPU = Release|Any CPU
	EndGlobalSection
	GlobalSection(ProjectConfigurationPlatforms) = postSolution
		{2B61E91A-9C64-4CB9-BDDE-5A7C693B5278}.Debug|Any CPU.ActiveCfg = Debug|Any CPU
		{2B61E91A-9C64-4CB9-BDDE-5A7C693B5278}.Debug|Any CPU.Build.0 = Debug|Any CPU
		{2B61E91A-9C64-4CB9-BDDE-5A7C693B5278}.Release|Any CPU.ActiveCfg = Release|Any CPU
		{2B61E91A-9C64-4CB9-BDDE-5A7C693B5278}.Release|Any CPU.Build.0 = Release|Any CPU
	EndGlobalSection
	GlobalSection(SolutionProperties) = preSolution
		HideSolutionNode = FALSE
	EndGlobalSection
	GlobalSection(ExtensibilityGlobals) = postSolution
		SolutionGuid = {B6B7750D-91A7-4CC2-B01C-1AE4D79E1EF4}
	EndGlobalSection
EndGlobal
